<?xml version="1.0" encoding="utf-8"?>
<Project ToolsVersion="4.0" xmlns="http://schemas.microsoft.com/developer/msbuild/2003">
  <ItemGroup>
    <Filter Include="Source Files">
      <UniqueIdentifier>{4FC737F1-C7A5-4376-A066-2A32D752A2FF}</UniqueIdentifier>
      <Extensions>cpp;c;cxx;def;odl;idl;hpj;bat;asm;asmx</Extensions>
    </Filter>
    <Filter Include="Header Files">
      <UniqueIdentifier>{93995380-89BD-4b04-88EB-625FBE52EBFB}</UniqueIdentifier>
      <Extensions>h;hpp;hxx;hm;inl;inc;xsd</Extensions>
    </Filter>
    <Filter Include="Resource Files">
      <UniqueIdentifier>{67DA6AB6-F800-4c08-8B7A-83BB121AAD01}</UniqueIdentifier>
      <Extensions>rc;ico;cur;bmp;dlg;rc2;rct;bin;rgs;gif;jpg;jpeg;jpe;resx</Extensions>
    </Filter>
    <Filter Include="DXUT">
      <UniqueIdentifier>{c8478f77-c76e-4d70-a52e-c1d5ec5b0103}</UniqueIdentifier>
    </Filter>
    <Filter Include="DXUT\Header Files">
      <UniqueIdentifier>{e6d913ad-95d7-4d84-b6c4-d063ea9299a9}</UniqueIdentifier>
    </Filter>
    <Filter Include="DXUT\Source Files">
      <UniqueIdentifier>{19002faa-be47-4817-bfbc-961350e6f0a7}</UniqueIdentifier>
    </Filter>
  </ItemGroup>
  <ItemGroup>
    <ClCompile Include="animatedTexture.cpp">
      <Filter>Source Files</Filter>
    </ClCompile>
    <ClCompile Include="billboardSprite.cpp">
      <Filter>Source Files</Filter>
    </ClCompile>
    <ClCompile Include="capabilities.cpp">
      <Filter>Source Files</Filter>
    </ClCompile>
    <ClCompile Include="cubeEnviroment.cpp">
      <Filter>Source Files</Filter>
    </ClCompile>
    <ClCompile Include="d3dfont.cpp">
      <Filter>Source Files</Filter>
    </ClCompile>
    <ClCompile Include="d3dutil.cpp">
      <Filter>Source Files</Filter>
    </ClCompile>
    <ClCompile Include="d3dUtility.cpp">
      <Filter>Source Files</Filter>
    </ClCompile>
    <ClCompile Include="dragon.cpp">
      <Filter>Source Files</Filter>
    </ClCompile>
    <ClCompile Include="dsutil.cpp">
      <Filter>Source Files</Filter>
    </ClCompile>
    <ClCompile Include="fire.cpp">
      <Filter>Source Files</Filter>
    </ClCompile>
    <ClCompile Include="gameInput.cpp">
      <Filter>Source Files</Filter>
    </ClCompile>
    <ClCompile Include="light.cpp">
      <Filter>Source Files</Filter>
    </ClCompile>
    <ClCompile Include="limb.cpp">
      <Filter>Source Files</Filter>
    </ClCompile>
    <ClCompile Include="main.cpp">
      <Filter>Source Files</Filter>
    </ClCompile>
    <ClCompile Include="objectTransform.cpp">
      <Filter>Source Files</Filter>
    </ClCompile>
    <ClCompile Include="pSystem.cpp">
      <Filter>Source Files</Filter>
    </ClCompile>
    <ClCompile Include="seaSurface.cpp">
      <Filter>Source Files</Filter>
    </ClCompile>
    <ClCompile Include="snow.cpp">
      <Filter>Source Files</Filter>
    </ClCompile>
    <ClCompile Include="splash.cpp">
      <Filter>Source Files</Filter>
    </ClCompile>
    <ClCompile Include="surface.cpp">
      <Filter>Source Files</Filter>
    </ClCompile>
    <ClCompile Include="viewObject.cpp">
      <Filter>Source Files</Filter>
    </ClCompile>
    <ClCompile Include="Core\dxerr.cpp">
      <Filter>DXUT\Source Files</Filter>
    </ClCompile>
    <ClCompile Include="Core\DXUT.cpp">
      <Filter>DXUT\Source Files</Filter>
    </ClCompile>
    <ClCompile Include="Core\DXUTenum.cpp">
      <Filter>DXUT\Source Files</Filter>
    </ClCompile>
    <ClCompile Include="Core\DXUTmisc.cpp">
      <Filter>DXUT\Source Files</Filter>
    </ClCompile>
    <ClCompile Include="dxutil.cpp">
      <Filter>Source Files</Filter>
    </ClCompile>
  </ItemGroup>
  <ItemGroup>
    <ClInclude Include="userInputs.h">
      <Filter>Source Files</Filter>
    </ClInclude>
    <ClInclude Include="animatedTexture.h">
      <Filter>Header Files</Filter>
    </ClInclude>
    <ClInclude Include="attribute.h">
      <Filter>Header Files</Filter>
    </ClInclude>
    <ClInclude Include="billboardSprite.h">
      <Filter>Header Files</Filter>
    </ClInclude>
    <ClInclude Include="boundary.h">
      <Filter>Header Files</Filter>
    </ClInclude>
    <ClInclude Include="boundingObjects.h">
      <Filter>Header Files</Filter>
    </ClInclude>
    <ClInclude Include="capabilities.h">
      <Filter>Header Files</Filter>
    </ClInclude>
    <ClInclude Include="cubeEnviroment.h">
      <Filter>Header Files</Filter>
    </ClInclude>
    <ClInclude Include="d3dfont.h">
      <Filter>Header Files</Filter>
    </ClInclude>
    <ClInclude Include="d3dutil.h">
      <Filter>Header Files</Filter>
    </ClInclude>
    <ClInclude Include="d3dUtility.h">
      <Filter>Header Files</Filter>
    </ClInclude>
    <ClInclude Include="dragon.h">
      <Filter>Header Files</Filter>
    </ClInclude>
    <ClInclude Include="dsutil.h">
      <Filter>Header Files</Filter>
    </ClInclude>
    <ClInclude Include="fire.h">
      <Filter>Header Files</Filter>
    </ClInclude>
    <ClInclude Include="gameInput.h">
      <Filter>Header Files</Filter>
    </ClInclude>
    <ClInclude Include="light.h">
      <Filter>Header Files</Filter>
    </ClInclude>
    <ClInclude Include="limb.h">
      <Filter>Header Files</Filter>
    </ClInclude>
    <ClInclude Include="objectTransform.h">
      <Filter>Header Files</Filter>
    </ClInclude>
    <ClInclude Include="particle.h">
      <Filter>Header Files</Filter>
    </ClInclude>
    <ClInclude Include="pSystem.h">
      <Filter>Header Files</Filter>
    </ClInclude>
    <ClInclude Include="seaSurface.h">
      <Filter>Header Files</Filter>
    </ClInclude>
    <ClInclude Include="snow.h">
      <Filter>Header Files</Filter>
    </ClInclude>
    <ClInclude Include="splash.h">
      <Filter>Header Files</Filter>
    </ClInclude>
    <ClInclude Include="surface.h">
      <Filter>Header Files</Filter>
    </ClInclude>
    <ClInclude Include="vertex.h">
      <Filter>Header Files</Filter>
    </ClInclude>
    <ClInclude Include="viewObject.h">
      <Filter>Header Files</Filter>
    </ClInclude>
    <ClInclude Include="Core\dxerr.h">
      <Filter>DXUT\Header Files</Filter>
    </ClInclude>
    <ClInclude Include="Core\DXUT.h">
      <Filter>DXUT\Header Files</Filter>
    </ClInclude>
    <ClInclude Include="Core\DXUTenum.h">
      <Filter>DXUT\Header Files</Filter>
    </ClInclude>
    <ClInclude Include="Core\DXUTmisc.h">
      <Filter>DXUT\Header Files</Filter>
    </ClInclude>
    <ClInclude Include="dxutil.h">
      <Filter>Header Files</Filter>
    </ClInclude>
  </ItemGroup>
  <ItemGroup>
    <None Include="Debug\models\dragonMesh\dragonBody.X">
      <Filter>Resource Files</Filter>
    </None>
    <None Include="Debug\models\dragonMesh\dragonLeftWing.X">
      <Filter>Resource Files</Filter>
    </None>
    <None Include="Debug\models\dragonMesh\dragonRightWing.X">
      <Filter>Resource Files</Filter>
    </None>
    <None Include="Debug\models\dragonMesh\dragonTail.X">
      <Filter>Resource Files</Filter>
    </None>
    <None Include="Debug\models\splash\splash.X">
      <Filter>Resource Files</Filter>
    </None>
    <None Include="packages.config" />
  </ItemGroup>
</Project>